
Microsoft Visual Studio Solution File, Format Version 12.00
# Visual Studio Version 17
VisualStudioVersion = 17.5.33414.496
MinimumVisualStudioVersion = 10.0.40219.1
Project("{FAE04EC0-301F-11D3-BF4B-00C04F79EFBC}") = "PracticaHerencia", "PracticaHerencia\PracticaHerencia.csproj", "{5614B85D-E20B-4658-86AB-D8F0CEA73434}"
EndProject
Global
	GlobalSection(SolutionConfigurationPlatforms) = preSolution
		Debug|Any CPU = Debug|Any CPU
		Release|Any CPU = Release|Any CPU
	EndGlobalSection
	GlobalSection(ProjectConfigurationPlatforms) = postSolution
		{5614B85D-E20B-4658-86AB-D8F0CEA73434}.Debug|Any CPU.ActiveCfg = Debug|Any CPU
		{5614B85D-E20B-4658-86AB-D8F0CEA73434}.Debug|Any CPU.Build.0 = Debug|Any CPU
		{5614B85D-E20B-4658-86AB-D8F0CEA73434}.Release|Any CPU.ActiveCfg = Release|Any CPU
		{5614B85D-E20B-4658-86AB-D8F0CEA73434}.Release|Any CPU.Build.0 = Release|Any CPU
	EndGlobalSection
	GlobalSection(SolutionProperties) = preSolution
		HideSolutionNode = FALSE
	EndGlobalSection
	GlobalSection(ExtensibilityGlobals) = postSolution
		SolutionGuid = {522C887D-A9E4-4E99-A282-CEE749DDA50D}
	EndGlobalSection
EndGlobal
